github.com/zetxek/adritian-free-hugo-theme v1.4.27 h1:uk3kQf/7XXgrnmB+/XZHZQL+NIdMPu2P6Ghf3hu27HA=
github.com/zetxek/adritian-free-hugo-theme v1.4.27/go.mod h1:oNhQDb9cx5XrF09gCzipkKSb3vAXjYsC/5CEqb1Z24g=
github.com/zetxek/adritian-free-hugo-theme v1.4.28-0.20250125185647-b6cb00436e63 h1:EoyzYWPFOIvLLGvSCze4KulhuEqtJIeFPu3ueD/MlOo=
github.com/zetxek/adritian-free-hugo-theme v1.4.28-0.20250125185647-b6cb00436e63/go.mod h1:RZxMuUPx+AJwqABiHDQWSVEskypgZCqZ0MwOgCvA6o0=
github.com/zetxek/adritian-free-hugo-theme v1.4.28-0.20250125205318-a3ff3a591ac8 h1:l7Q/5+U8GV7G78SpDmmaPcQV6pfWU5pdO9brKjCC/8A=
github.com/zetxek/adritian-free-hugo-theme v1.4.28-0.20250125205318-a3ff3a591ac8/go.mod h1:RZxMuUPx+AJwqABiHDQWSVEskypgZCqZ0MwOgCvA6o0=
