github.com/zetxek/adritian-free-hugo-theme v1.7.6 h1:F0y55IwlplHPENCnE3/s8SAgwDcytxb/cslMXzA7Xxo=
github.com/zetxek/adritian-free-hugo-theme v1.7.6/go.mod h1:RZxMuUPx+AJwqABiHDQWSVEskypgZCqZ0MwOgCvA6o0=
github.com/zetxek/adritian-free-hugo-theme v1.7.8 h1:GsbwmWROVJI0jkHkZBzyPPPFmIY/fO88Ywb+LMbXTfc=
github.com/zetxek/adritian-free-hugo-theme v1.7.8/go.mod h1:RZxMuUPx+AJwqABiHDQWSVEskypgZCqZ0MwOgCvA6o0=
github.com/zetxek/adritian-free-hugo-theme v1.7.9 h1:U7/Ksa/y1ytFNoXgIo1yBZPIvTgaYg+2FxYKgfdY37A=
github.com/zetxek/adritian-free-hugo-theme v1.7.9/go.mod h1:RZxMuUPx+AJwqABiHDQWSVEskypgZCqZ0MwOgCvA6o0=
