github.com/zetxek/adritian-free-hugo-theme v1.5.7 h1:1sUkjncEJdezc/YOh1s+PAl6gFnu4d6o38/lSqvnfz8=
github.com/zetxek/adritian-free-hugo-theme v1.5.7/go.mod h1:RZxMuUPx+AJwqABiHDQWSVEskypgZCqZ0MwOgCvA6o0=
github.com/zetxek/adritian-free-hugo-theme v1.5.8 h1:C95Trt+AMtF+OLUdBSbR7Y2+b6Sk5k8PuxMvlUseotY=
github.com/zetxek/adritian-free-hugo-theme v1.5.8/go.mod h1:RZxMuUPx+AJwqABiHDQWSVEskypgZCqZ0MwOgCvA6o0=
github.com/zetxek/adritian-free-hugo-theme v1.5.9 h1:ha9IarxVvAPse7KDwD/vZfOpJ7utAAD+YgPGtk8YQHk=
github.com/zetxek/adritian-free-hugo-theme v1.5.9/go.mod h1:RZxMuUPx+AJwqABiHDQWSVEskypgZCqZ0MwOgCvA6o0=
github.com/zetxek/adritian-free-hugo-theme v1.5.10 h1:v7YEe1CAjPAoZbJvT4PKuZGJEr44aQtRdrPxSgPwzi8=
github.com/zetxek/adritian-free-hugo-theme v1.5.10/go.mod h1:RZxMuUPx+AJwqABiHDQWSVEskypgZCqZ0MwOgCvA6o0=
